
Microsoft Visual Studio Solution File, Format Version 12.00
# Visual Studio 15
VisualStudioVersion = 15.0.27130.2010
MinimumVisualStudioVersion = 10.0.40219.1
Project("{FAE04EC0-301F-11D3-BF4B-00C04F79EFBC}") = "Smart.Tests", "Tests\Smart.Tests\Smart.Tests.csproj", "{7C26F201-06B5-4003-9AAF-E1BCBD13646A}"
EndProject
Project("{2150E333-8FDC-42A3-9474-1A3956D46DE8}") = "NET40", "NET40", "{CB297CCD-B129-4933-B20C-8A95653A0371}"
EndProject
Project("{D954291E-2A0B-460D-934E-DC6B0785DB48}") = "Smart.Core.Shared", "Framework\Smart.Core.Shared\Smart.Core.Shared.shproj", "{3E82282B-92E0-4B08-A6F5-106BF4401E4A}"
EndProject
Project("{2150E333-8FDC-42A3-9474-1A3956D46DE8}") = "NET45", "NET45", "{B80EF91F-1626-4BA6-BBDA-3CA46B81A450}"
EndProject
Project("{2150E333-8FDC-42A3-9474-1A3956D46DE8}") = "Smart.Shared", "Smart.Shared", "{9D784D80-1780-47BC-901A-CB1FC8AA3D3A}"
EndProject
Project("{D954291E-2A0B-460D-934E-DC6B0785DB48}") = "Smart.NPOI.Shared", "Framework\Smart.NPOI.Shared\Smart.NPOI.Shared.shproj", "{29AFB851-7DC8-4027-9660-57E105B1C9A5}"
EndProject
Project("{D954291E-2A0B-460D-934E-DC6B0785DB48}") = "Smart.Data.Shared", "Framework\Smart.Data.Shared\Smart.Data.Shared.shproj", "{99C632A6-D6C0-447B-B53D-EF505E17D3A0}"
EndProject
Project("{D954291E-2A0B-460D-934E-DC6B0785DB48}") = "Smart.Web.Mvc.Shared", "Framework\Smart.Web.Mvc.Shared\Smart.Web.Mvc.Shared.shproj", "{66352521-DA3C-4754-9F63-E51275249A8A}"
EndProject
Project("{FAE04EC0-301F-11D3-BF4B-00C04F79EFBC}") = "Smart.Core", "Framework\Smart.Core.45\Smart.Core.csproj", "{0400237A-7A93-4BED-B788-BD54D7E132C0}"
EndProject
Project("{FAE04EC0-301F-11D3-BF4B-00C04F79EFBC}") = "Smart.Data", "Framework\Smart.Data.45\Smart.Data.csproj", "{49D991C7-BE7D-4AAE-98CD-C6F7E7D69CFC}"
EndProject
Project("{FAE04EC0-301F-11D3-BF4B-00C04F79EFBC}") = "Smart.NPOI", "Framework\Smart.NPOI.45\Smart.NPOI.csproj", "{F282EF98-93B8-4998-9069-0F0DC7F337B2}"
EndProject
Project("{FAE04EC0-301F-11D3-BF4B-00C04F79EFBC}") = "Smart.Web.Mvc", "Framework\Smart.Web.Mvc.45\Smart.Web.Mvc.csproj", "{35D5D20F-7AE9-4D02-9C0E-07B5D87FBBAA}"
EndProject
Project("{FAE04EC0-301F-11D3-BF4B-00C04F79EFBC}") = "Smart.Core", "Framework\Smart.Core.40\Smart.Core.csproj", "{73F8A79C-D93C-430F-BA0A-7F1480D6AFB7}"
EndProject
Project("{FAE04EC0-301F-11D3-BF4B-00C04F79EFBC}") = "Smart.Data", "Framework\Smart.Data.40\Smart.Data.csproj", "{092C3ADA-7A24-4704-9CD0-59AC28F8A177}"
EndProject
Project("{FAE04EC0-301F-11D3-BF4B-00C04F79EFBC}") = "Smart.NPOI", "Framework\Smart.NPOI.40\Smart.NPOI.csproj", "{C3EEDF30-4FC6-4378-9731-73EE283ACA25}"
EndProject
Project("{FAE04EC0-301F-11D3-BF4B-00C04F79EFBC}") = "Smart.Web.Mvc", "Framework\Smart.Web.Mvc.40\Smart.Web.Mvc.csproj", "{0E8752E6-D51A-40AA-B81E-56DB3E0CA914}"
EndProject
Global
	GlobalSection(SharedMSBuildProjectFiles) = preSolution
		Framework\Smart.Core.Shared\Smart.Core.Shared.projitems*{0400237a-7a93-4bed-b788-bd54d7e132c0}*SharedItemsImports = 4
		Framework\Smart.Data.Shared\Smart.Data.Shared.projitems*{092c3ada-7a24-4704-9cd0-59ac28f8a177}*SharedItemsImports = 4
		Framework\Smart.Web.Mvc.Shared\Smart.Web.Mvc.Shared.projitems*{0e8752e6-d51a-40aa-b81e-56db3e0ca914}*SharedItemsImports = 4
		Framework\Smart.NPOI.Shared\Smart.NPOI.Shared.projitems*{29afb851-7dc8-4027-9660-57e105b1c9a5}*SharedItemsImports = 13
		Framework\Smart.Web.Mvc.Shared\Smart.Web.Mvc.Shared.projitems*{35d5d20f-7ae9-4d02-9c0e-07b5d87fbbaa}*SharedItemsImports = 4
		Framework\Smart.Core.Shared\Smart.Core.Shared.projitems*{3e82282b-92e0-4b08-a6f5-106bf4401e4a}*SharedItemsImports = 13
		Framework\Smart.Data.Shared\Smart.Data.Shared.projitems*{49d991c7-be7d-4aae-98cd-c6f7e7d69cfc}*SharedItemsImports = 4
		Framework\Smart.Web.Mvc.Shared\Smart.Web.Mvc.Shared.projitems*{66352521-da3c-4754-9f63-e51275249a8a}*SharedItemsImports = 13
		Framework\Smart.Core.Shared\Smart.Core.Shared.projitems*{73f8a79c-d93c-430f-ba0a-7f1480d6afb7}*SharedItemsImports = 4
		Framework\Smart.Data.Shared\Smart.Data.Shared.projitems*{99c632a6-d6c0-447b-b53d-ef505e17d3a0}*SharedItemsImports = 13
		Framework\Smart.NPOI.Shared\Smart.NPOI.Shared.projitems*{c3eedf30-4fc6-4378-9731-73ee283aca25}*SharedItemsImports = 4
		Framework\Smart.NPOI.Shared\Smart.NPOI.Shared.projitems*{f282ef98-93b8-4998-9069-0f0dc7f337b2}*SharedItemsImports = 4
	EndGlobalSection
	GlobalSection(SolutionConfigurationPlatforms) = preSolution
		Debug|Any CPU = Debug|Any CPU
		Release|Any CPU = Release|Any CPU
	EndGlobalSection
	GlobalSection(ProjectConfigurationPlatforms) = postSolution
		{7C26F201-06B5-4003-9AAF-E1BCBD13646A}.Debug|Any CPU.ActiveCfg = Debug|Any CPU
		{7C26F201-06B5-4003-9AAF-E1BCBD13646A}.Debug|Any CPU.Build.0 = Debug|Any CPU
		{7C26F201-06B5-4003-9AAF-E1BCBD13646A}.Release|Any CPU.ActiveCfg = Release|Any CPU
		{7C26F201-06B5-4003-9AAF-E1BCBD13646A}.Release|Any CPU.Build.0 = Release|Any CPU
		{0400237A-7A93-4BED-B788-BD54D7E132C0}.Debug|Any CPU.ActiveCfg = Debug|Any CPU
		{0400237A-7A93-4BED-B788-BD54D7E132C0}.Debug|Any CPU.Build.0 = Debug|Any CPU
		{0400237A-7A93-4BED-B788-BD54D7E132C0}.Release|Any CPU.ActiveCfg = Release|Any CPU
		{0400237A-7A93-4BED-B788-BD54D7E132C0}.Release|Any CPU.Build.0 = Release|Any CPU
		{49D991C7-BE7D-4AAE-98CD-C6F7E7D69CFC}.Debug|Any CPU.ActiveCfg = Debug|Any CPU
		{49D991C7-BE7D-4AAE-98CD-C6F7E7D69CFC}.Debug|Any CPU.Build.0 = Debug|Any CPU
		{49D991C7-BE7D-4AAE-98CD-C6F7E7D69CFC}.Release|Any CPU.ActiveCfg = Release|Any CPU
		{49D991C7-BE7D-4AAE-98CD-C6F7E7D69CFC}.Release|Any CPU.Build.0 = Release|Any CPU
		{F282EF98-93B8-4998-9069-0F0DC7F337B2}.Debug|Any CPU.ActiveCfg = Debug|Any CPU
		{F282EF98-93B8-4998-9069-0F0DC7F337B2}.Debug|Any CPU.Build.0 = Debug|Any CPU
		{F282EF98-93B8-4998-9069-0F0DC7F337B2}.Release|Any CPU.ActiveCfg = Release|Any CPU
		{F282EF98-93B8-4998-9069-0F0DC7F337B2}.Release|Any CPU.Build.0 = Release|Any CPU
		{35D5D20F-7AE9-4D02-9C0E-07B5D87FBBAA}.Debug|Any CPU.ActiveCfg = Debug|Any CPU
		{35D5D20F-7AE9-4D02-9C0E-07B5D87FBBAA}.Debug|Any CPU.Build.0 = Debug|Any CPU
		{35D5D20F-7AE9-4D02-9C0E-07B5D87FBBAA}.Release|Any CPU.ActiveCfg = Release|Any CPU
		{35D5D20F-7AE9-4D02-9C0E-07B5D87FBBAA}.Release|Any CPU.Build.0 = Release|Any CPU
		{73F8A79C-D93C-430F-BA0A-7F1480D6AFB7}.Debug|Any CPU.ActiveCfg = Debug|Any CPU
		{73F8A79C-D93C-430F-BA0A-7F1480D6AFB7}.Debug|Any CPU.Build.0 = Debug|Any CPU
		{73F8A79C-D93C-430F-BA0A-7F1480D6AFB7}.Release|Any CPU.ActiveCfg = Release|Any CPU
		{73F8A79C-D93C-430F-BA0A-7F1480D6AFB7}.Release|Any CPU.Build.0 = Release|Any CPU
		{092C3ADA-7A24-4704-9CD0-59AC28F8A177}.Debug|Any CPU.ActiveCfg = Debug|Any CPU
		{092C3ADA-7A24-4704-9CD0-59AC28F8A177}.Debug|Any CPU.Build.0 = Debug|Any CPU
		{092C3ADA-7A24-4704-9CD0-59AC28F8A177}.Release|Any CPU.ActiveCfg = Release|Any CPU
		{092C3ADA-7A24-4704-9CD0-59AC28F8A177}.Release|Any CPU.Build.0 = Release|Any CPU
		{C3EEDF30-4FC6-4378-9731-73EE283ACA25}.Debug|Any CPU.ActiveCfg = Debug|Any CPU
		{C3EEDF30-4FC6-4378-9731-73EE283ACA25}.Debug|Any CPU.Build.0 = Debug|Any CPU
		{C3EEDF30-4FC6-4378-9731-73EE283ACA25}.Release|Any CPU.ActiveCfg = Release|Any CPU
		{C3EEDF30-4FC6-4378-9731-73EE283ACA25}.Release|Any CPU.Build.0 = Release|Any CPU
		{0E8752E6-D51A-40AA-B81E-56DB3E0CA914}.Debug|Any CPU.ActiveCfg = Debug|Any CPU
		{0E8752E6-D51A-40AA-B81E-56DB3E0CA914}.Debug|Any CPU.Build.0 = Debug|Any CPU
		{0E8752E6-D51A-40AA-B81E-56DB3E0CA914}.Release|Any CPU.ActiveCfg = Release|Any CPU
		{0E8752E6-D51A-40AA-B81E-56DB3E0CA914}.Release|Any CPU.Build.0 = Release|Any CPU
	EndGlobalSection
	GlobalSection(SolutionProperties) = preSolution
		HideSolutionNode = FALSE
	EndGlobalSection
	GlobalSection(NestedProjects) = preSolution
		{3E82282B-92E0-4B08-A6F5-106BF4401E4A} = {9D784D80-1780-47BC-901A-CB1FC8AA3D3A}
		{29AFB851-7DC8-4027-9660-57E105B1C9A5} = {9D784D80-1780-47BC-901A-CB1FC8AA3D3A}
		{99C632A6-D6C0-447B-B53D-EF505E17D3A0} = {9D784D80-1780-47BC-901A-CB1FC8AA3D3A}
		{66352521-DA3C-4754-9F63-E51275249A8A} = {9D784D80-1780-47BC-901A-CB1FC8AA3D3A}
		{0400237A-7A93-4BED-B788-BD54D7E132C0} = {B80EF91F-1626-4BA6-BBDA-3CA46B81A450}
		{49D991C7-BE7D-4AAE-98CD-C6F7E7D69CFC} = {B80EF91F-1626-4BA6-BBDA-3CA46B81A450}
		{F282EF98-93B8-4998-9069-0F0DC7F337B2} = {B80EF91F-1626-4BA6-BBDA-3CA46B81A450}
		{35D5D20F-7AE9-4D02-9C0E-07B5D87FBBAA} = {B80EF91F-1626-4BA6-BBDA-3CA46B81A450}
		{73F8A79C-D93C-430F-BA0A-7F1480D6AFB7} = {CB297CCD-B129-4933-B20C-8A95653A0371}
		{092C3ADA-7A24-4704-9CD0-59AC28F8A177} = {CB297CCD-B129-4933-B20C-8A95653A0371}
		{C3EEDF30-4FC6-4378-9731-73EE283ACA25} = {CB297CCD-B129-4933-B20C-8A95653A0371}
		{0E8752E6-D51A-40AA-B81E-56DB3E0CA914} = {CB297CCD-B129-4933-B20C-8A95653A0371}
	EndGlobalSection
	GlobalSection(ExtensibilityGlobals) = postSolution
		SolutionGuid = {7863FAA3-5AC8-4362-B993-EE7F6714AFB2}
	EndGlobalSection
EndGlobal
