
Microsoft Visual Studio Solution File, Format Version 12.00
# Visual Studio 14
VisualStudioVersion = 14.0.25420.1
MinimumVisualStudioVersion = 10.0.40219.1
Project("{2150E333-8FDC-42A3-9474-1A3956D46DE8}") = "Framework", "Framework", "{73191A53-9798-442D-B429-21EA5F7AA2BC}"
EndProject
Project("{2150E333-8FDC-42A3-9474-1A3956D46DE8}") = "Tests", "Tests", "{7D3FF88A-119D-4043-A667-9FA4BE5151F9}"
EndProject
Project("{FAE04EC0-301F-11D3-BF4B-00C04F79EFBC}") = "Smart.Core", "Framework\Smart.Core\Smart.Core.csproj", "{0400237A-7A93-4BED-B788-BD54D7E132C0}"
EndProject
Project("{FAE04EC0-301F-11D3-BF4B-00C04F79EFBC}") = "Smart.Data", "Framework\Smart.Data\Smart.Data.csproj", "{49D991C7-BE7D-4AAE-98CD-C6F7E7D69CFC}"
EndProject
Project("{FAE04EC0-301F-11D3-BF4B-00C04F79EFBC}") = "Smart.Web.Mvc", "Framework\Smart.Web.Mvc\Smart.Web.Mvc.csproj", "{35D5D20F-7AE9-4D02-9C0E-07B5D87FBBAA}"
EndProject
Project("{FAE04EC0-301F-11D3-BF4B-00C04F79EFBC}") = "Smart.Tests", "Tests\Smart.Tests\Smart.Tests.csproj", "{7C26F201-06B5-4003-9AAF-E1BCBD13646A}"
EndProject
Project("{2150E333-8FDC-42A3-9474-1A3956D46DE8}") = "NET40", "NET40", "{CB297CCD-B129-4933-B20C-8A95653A0371}"
EndProject
Project("{2150E333-8FDC-42A3-9474-1A3956D46DE8}") = "Sample", "Sample", "{CF4758E4-0595-46BA-BAA1-264C6B1E4F30}"
EndProject
Project("{FAE04EC0-301F-11D3-BF4B-00C04F79EFBC}") = "Smart.Sample.Web", "Sample\Smart.Sample.Web\Smart.Sample.Web.csproj", "{927EA837-F806-4C91-A0E3-D3688E4D9F2C}"
EndProject
Project("{FAE04EC0-301F-11D3-BF4B-00C04F79EFBC}") = "Smart.Sample.Core", "Sample\Smart.Sample.Core\Smart.Sample.Core.csproj", "{FD5D6D82-F297-4FDC-BC41-AC951BF27B0D}"
EndProject
Project("{FAE04EC0-301F-11D3-BF4B-00C04F79EFBC}") = "Smart.Sample.Services", "Sample\Smart.Sample.Services\Smart.Sample.Services.csproj", "{9AC2290C-842C-426C-941F-55D1FC994718}"
EndProject
Project("{FAE04EC0-301F-11D3-BF4B-00C04F79EFBC}") = "Smart.Sample.Test", "Sample\Smart.Sample.Test\Smart.Sample.Test.csproj", "{048B8211-EC26-47B9-B38C-07B8F48E3D7E}"
EndProject
Project("{FAE04EC0-301F-11D3-BF4B-00C04F79EFBC}") = "Smart.Core-4.0", "Framework\Smart.Core.40\Smart.Core-4.0.csproj", "{2F3CBFFF-D6D8-4C21-8FC4-804248A2F6B2}"
EndProject
Project("{FAE04EC0-301F-11D3-BF4B-00C04F79EFBC}") = "Smart.NPOI-40", "Framework\Smart.NPOI.40\Smart.NPOI-40.csproj", "{C3EEDF30-4FC6-4378-9731-73EE283ACA25}"
EndProject
Project("{FAE04EC0-301F-11D3-BF4B-00C04F79EFBC}") = "Smart.NPOI", "Framework\Smart.NPOI\Smart.NPOI.csproj", "{F282EF98-93B8-4998-9069-0F0DC7F337B2}"
EndProject
Project("{FAE04EC0-301F-11D3-BF4B-00C04F79EFBC}") = "Smart.Data-4.0", "Framework\Smart.Data.40\Smart.Data-4.0.csproj", "{092C3ADA-7A24-4704-9CD0-59AC28F8A177}"
EndProject
Project("{FAE04EC0-301F-11D3-BF4B-00C04F79EFBC}") = "Smart.Web.Mvc-4.0", "Framework\Smart.Web.Mvc.40\Smart.Web.Mvc-4.0.csproj", "{0E8752E6-D51A-40AA-B81E-56DB3E0CA914}"
EndProject
Global
	GlobalSection(SolutionConfigurationPlatforms) = preSolution
		Debug|Any CPU = Debug|Any CPU
		Release|Any CPU = Release|Any CPU
	EndGlobalSection
	GlobalSection(ProjectConfigurationPlatforms) = postSolution
		{0400237A-7A93-4BED-B788-BD54D7E132C0}.Debug|Any CPU.ActiveCfg = Debug|Any CPU
		{0400237A-7A93-4BED-B788-BD54D7E132C0}.Debug|Any CPU.Build.0 = Debug|Any CPU
		{0400237A-7A93-4BED-B788-BD54D7E132C0}.Release|Any CPU.ActiveCfg = Release|Any CPU
		{0400237A-7A93-4BED-B788-BD54D7E132C0}.Release|Any CPU.Build.0 = Release|Any CPU
		{49D991C7-BE7D-4AAE-98CD-C6F7E7D69CFC}.Debug|Any CPU.ActiveCfg = Debug|Any CPU
		{49D991C7-BE7D-4AAE-98CD-C6F7E7D69CFC}.Debug|Any CPU.Build.0 = Debug|Any CPU
		{49D991C7-BE7D-4AAE-98CD-C6F7E7D69CFC}.Release|Any CPU.ActiveCfg = Release|Any CPU
		{49D991C7-BE7D-4AAE-98CD-C6F7E7D69CFC}.Release|Any CPU.Build.0 = Release|Any CPU
		{35D5D20F-7AE9-4D02-9C0E-07B5D87FBBAA}.Debug|Any CPU.ActiveCfg = Debug|Any CPU
		{35D5D20F-7AE9-4D02-9C0E-07B5D87FBBAA}.Debug|Any CPU.Build.0 = Debug|Any CPU
		{35D5D20F-7AE9-4D02-9C0E-07B5D87FBBAA}.Release|Any CPU.ActiveCfg = Release|Any CPU
		{35D5D20F-7AE9-4D02-9C0E-07B5D87FBBAA}.Release|Any CPU.Build.0 = Release|Any CPU
		{7C26F201-06B5-4003-9AAF-E1BCBD13646A}.Debug|Any CPU.ActiveCfg = Debug|Any CPU
		{7C26F201-06B5-4003-9AAF-E1BCBD13646A}.Debug|Any CPU.Build.0 = Debug|Any CPU
		{7C26F201-06B5-4003-9AAF-E1BCBD13646A}.Release|Any CPU.ActiveCfg = Release|Any CPU
		{7C26F201-06B5-4003-9AAF-E1BCBD13646A}.Release|Any CPU.Build.0 = Release|Any CPU
		{927EA837-F806-4C91-A0E3-D3688E4D9F2C}.Debug|Any CPU.ActiveCfg = Debug|Any CPU
		{927EA837-F806-4C91-A0E3-D3688E4D9F2C}.Debug|Any CPU.Build.0 = Debug|Any CPU
		{927EA837-F806-4C91-A0E3-D3688E4D9F2C}.Release|Any CPU.ActiveCfg = Release|Any CPU
		{927EA837-F806-4C91-A0E3-D3688E4D9F2C}.Release|Any CPU.Build.0 = Release|Any CPU
		{FD5D6D82-F297-4FDC-BC41-AC951BF27B0D}.Debug|Any CPU.ActiveCfg = Debug|Any CPU
		{FD5D6D82-F297-4FDC-BC41-AC951BF27B0D}.Debug|Any CPU.Build.0 = Debug|Any CPU
		{FD5D6D82-F297-4FDC-BC41-AC951BF27B0D}.Release|Any CPU.ActiveCfg = Release|Any CPU
		{FD5D6D82-F297-4FDC-BC41-AC951BF27B0D}.Release|Any CPU.Build.0 = Release|Any CPU
		{9AC2290C-842C-426C-941F-55D1FC994718}.Debug|Any CPU.ActiveCfg = Debug|Any CPU
		{9AC2290C-842C-426C-941F-55D1FC994718}.Debug|Any CPU.Build.0 = Debug|Any CPU
		{9AC2290C-842C-426C-941F-55D1FC994718}.Release|Any CPU.ActiveCfg = Release|Any CPU
		{9AC2290C-842C-426C-941F-55D1FC994718}.Release|Any CPU.Build.0 = Release|Any CPU
		{048B8211-EC26-47B9-B38C-07B8F48E3D7E}.Debug|Any CPU.ActiveCfg = Debug|Any CPU
		{048B8211-EC26-47B9-B38C-07B8F48E3D7E}.Debug|Any CPU.Build.0 = Debug|Any CPU
		{048B8211-EC26-47B9-B38C-07B8F48E3D7E}.Release|Any CPU.ActiveCfg = Release|Any CPU
		{048B8211-EC26-47B9-B38C-07B8F48E3D7E}.Release|Any CPU.Build.0 = Release|Any CPU
		{2F3CBFFF-D6D8-4C21-8FC4-804248A2F6B2}.Debug|Any CPU.ActiveCfg = Debug|Any CPU
		{2F3CBFFF-D6D8-4C21-8FC4-804248A2F6B2}.Debug|Any CPU.Build.0 = Debug|Any CPU
		{2F3CBFFF-D6D8-4C21-8FC4-804248A2F6B2}.Release|Any CPU.ActiveCfg = Release|Any CPU
		{2F3CBFFF-D6D8-4C21-8FC4-804248A2F6B2}.Release|Any CPU.Build.0 = Release|Any CPU
		{C3EEDF30-4FC6-4378-9731-73EE283ACA25}.Debug|Any CPU.ActiveCfg = Debug|Any CPU
		{C3EEDF30-4FC6-4378-9731-73EE283ACA25}.Debug|Any CPU.Build.0 = Debug|Any CPU
		{C3EEDF30-4FC6-4378-9731-73EE283ACA25}.Release|Any CPU.ActiveCfg = Release|Any CPU
		{C3EEDF30-4FC6-4378-9731-73EE283ACA25}.Release|Any CPU.Build.0 = Release|Any CPU
		{F282EF98-93B8-4998-9069-0F0DC7F337B2}.Debug|Any CPU.ActiveCfg = Debug|Any CPU
		{F282EF98-93B8-4998-9069-0F0DC7F337B2}.Debug|Any CPU.Build.0 = Debug|Any CPU
		{F282EF98-93B8-4998-9069-0F0DC7F337B2}.Release|Any CPU.ActiveCfg = Release|Any CPU
		{F282EF98-93B8-4998-9069-0F0DC7F337B2}.Release|Any CPU.Build.0 = Release|Any CPU
		{092C3ADA-7A24-4704-9CD0-59AC28F8A177}.Debug|Any CPU.ActiveCfg = Debug|Any CPU
		{092C3ADA-7A24-4704-9CD0-59AC28F8A177}.Debug|Any CPU.Build.0 = Debug|Any CPU
		{092C3ADA-7A24-4704-9CD0-59AC28F8A177}.Release|Any CPU.ActiveCfg = Release|Any CPU
		{092C3ADA-7A24-4704-9CD0-59AC28F8A177}.Release|Any CPU.Build.0 = Release|Any CPU
		{0E8752E6-D51A-40AA-B81E-56DB3E0CA914}.Debug|Any CPU.ActiveCfg = Debug|Any CPU
		{0E8752E6-D51A-40AA-B81E-56DB3E0CA914}.Debug|Any CPU.Build.0 = Debug|Any CPU
		{0E8752E6-D51A-40AA-B81E-56DB3E0CA914}.Release|Any CPU.ActiveCfg = Release|Any CPU
		{0E8752E6-D51A-40AA-B81E-56DB3E0CA914}.Release|Any CPU.Build.0 = Release|Any CPU
	EndGlobalSection
	GlobalSection(SolutionProperties) = preSolution
		HideSolutionNode = FALSE
	EndGlobalSection
	GlobalSection(NestedProjects) = preSolution
		{0400237A-7A93-4BED-B788-BD54D7E132C0} = {73191A53-9798-442D-B429-21EA5F7AA2BC}
		{49D991C7-BE7D-4AAE-98CD-C6F7E7D69CFC} = {73191A53-9798-442D-B429-21EA5F7AA2BC}
		{35D5D20F-7AE9-4D02-9C0E-07B5D87FBBAA} = {73191A53-9798-442D-B429-21EA5F7AA2BC}
		{7C26F201-06B5-4003-9AAF-E1BCBD13646A} = {7D3FF88A-119D-4043-A667-9FA4BE5151F9}
		{CB297CCD-B129-4933-B20C-8A95653A0371} = {73191A53-9798-442D-B429-21EA5F7AA2BC}
		{927EA837-F806-4C91-A0E3-D3688E4D9F2C} = {CF4758E4-0595-46BA-BAA1-264C6B1E4F30}
		{FD5D6D82-F297-4FDC-BC41-AC951BF27B0D} = {CF4758E4-0595-46BA-BAA1-264C6B1E4F30}
		{9AC2290C-842C-426C-941F-55D1FC994718} = {CF4758E4-0595-46BA-BAA1-264C6B1E4F30}
		{048B8211-EC26-47B9-B38C-07B8F48E3D7E} = {CF4758E4-0595-46BA-BAA1-264C6B1E4F30}
		{2F3CBFFF-D6D8-4C21-8FC4-804248A2F6B2} = {CB297CCD-B129-4933-B20C-8A95653A0371}
		{C3EEDF30-4FC6-4378-9731-73EE283ACA25} = {CB297CCD-B129-4933-B20C-8A95653A0371}
		{F282EF98-93B8-4998-9069-0F0DC7F337B2} = {73191A53-9798-442D-B429-21EA5F7AA2BC}
		{092C3ADA-7A24-4704-9CD0-59AC28F8A177} = {CB297CCD-B129-4933-B20C-8A95653A0371}
		{0E8752E6-D51A-40AA-B81E-56DB3E0CA914} = {CB297CCD-B129-4933-B20C-8A95653A0371}
	EndGlobalSection
EndGlobal
